// !$*UTF8*$!
{
	archiveVersion = 1;
	classes = {
	};
	objectVersion = 46;
	objects = {

/* Begin PBXBuildFile section */
		CE61629815E3F14900CE1102 /* UIKit.framework in Frameworks */ = {isa = PBXBuildFile; fileRef = CE61629715E3F14900CE1102 /* UIKit.framework */; };
		CE61629A15E3F14900CE1102 /* Foundation.framework in Frameworks */ = {isa = PBXBuildFile; fileRef = CE61629915E3F14900CE1102 /* Foundation.framework */; };
		CE61629C15E3F14900CE1102 /* CoreGraphics.framework in Frameworks */ = {isa = PBXBuildFile; fileRef = CE61629B15E3F14900CE1102 /* CoreGraphics.framework */; };
		CE6162A215E3F14900CE1102 /* InfoPlist.strings in Resources */ = {isa = PBXBuildFile; fileRef = CE6162A015E3F14900CE1102 /* InfoPlist.strings */; };
		CE6162A415E3F14900CE1102 /* main.m in Sources */ = {isa = PBXBuildFile; fileRef = CE6162A315E3F14900CE1102 /* main.m */; };
		CE6162A815E3F14900CE1102 /* AppDelegate.m in Sources */ = {isa = PBXBuildFile; fileRef = CE6162A715E3F14900CE1102 /* AppDelegate.m */; };
		CE6162AB15E3F14900CE1102 /* ViewController.m in Sources */ = {isa = PBXBuildFile; fileRef = CE6162AA15E3F14900CE1102 /* ViewController.m */; };
		CE6162AE15E3F14900CE1102 /* ViewController.xib in Resources */ = {isa = PBXBuildFile; fileRef = CE6162AC15E3F14900CE1102 /* ViewController.xib */; };
		CE6162B615E3F14900CE1102 /* SenTestingKit.framework in Frameworks */ = {isa = PBXBuildFile; fileRef = CE6162B515E3F14900CE1102 /* SenTestingKit.framework */; };
		CE6162B715E3F14900CE1102 /* UIKit.framework in Frameworks */ = {isa = PBXBuildFile; fileRef = CE61629715E3F14900CE1102 /* UIKit.framework */; };
		CE6162B815E3F14900CE1102 /* Foundation.framework in Frameworks */ = {isa = PBXBuildFile; fileRef = CE61629915E3F14900CE1102 /* Foundation.framework */; };
		CE6162C015E3F14900CE1102 /* InfoPlist.strings in Resources */ = {isa = PBXBuildFile; fileRef = CE6162BE15E3F14900CE1102 /* InfoPlist.strings */; };
		CE6162C315E3F14900CE1102 /* page1Tests.m in Sources */ = {isa = PBXBuildFile; fileRef = CE6162C215E3F14900CE1102 /* page1Tests.m */; };
/* End PBXBuildFile section */

/* Begin PBXContainerItemProxy section */
		CE6162B915E3F14900CE1102 /* PBXContainerItemProxy */ = {
			isa = PBXContainerItemProxy;
			containerPortal = CE61628A15E3F14900CE1102 /* Project object */;
			proxyType = 1;
			remoteGlobalIDString = CE61629215E3F14900CE1102;
			remoteInfo = page1;
		};
/* End PBXContainerItemProxy section */

/* Begin PBXFileReference section */
		CE61629315E3F14900CE1102 /* page1.app */ = {isa = PBXFileReference; explicitFileType = wrapper.application; includeInIndex = 0; path = page1.app; sourceTree = BUILT_PRODUCTS_DIR; };
		CE61629715E3F14900CE1102 /* UIKit.framework */ = {isa = PBXFileReference; lastKnownFileType = wrapper.framework; name = UIKit.framework; path = System/Library/Frameworks/UIKit.framework; sourceTree = SDKROOT; };
		CE61629915E3F14900CE1102 /* Foundation.framework */ = {isa = PBXFileReference; lastKnownFileType = wrapper.framework; name = Foundation.framework; path = System/Library/Frameworks/Foundation.framework; sourceTree = SDKROOT; };
		CE61629B15E3F14900CE1102 /* CoreGraphics.framework */ = {isa = PBXFileReference; lastKnownFileType = wrapper.framework; name = CoreGraphics.framework; path = System/Library/Frameworks/CoreGraphics.framework; sourceTree = SDKROOT; };
		CE61629F15E3F14900CE1102 /* page1-Info.plist */ = {isa = PBXFileReference; path = "page1-Info.plist"; sourceTree = "<group>"; };
		CE6162A115E3F14900CE1102 /* en */ = {isa = PBXFileReference; lastKnownFileType = text.plist.strings; name = en; path = en.lproj/InfoPlist.strings; sourceTree = "<group>"; };
		CE6162A315E3F14900CE1102 /* main.m */ = {isa = PBXFileReference; lastKnownFileType = sourcecode.c.objc; path = main.m; sourceTree = "<group>"; };
		CE6162A515E3F14900CE1102 /* page1-Prefix.pch */ = {isa = PBXFileReference; path = "page1-Prefix.pch"; sourceTree = "<group>"; };
		CE6162A615E3F14900CE1102 /* AppDelegate.h */ = {isa = PBXFileReference; path = AppDelegate.h; sourceTree = "<group>"; };
		CE6162A715E3F14900CE1102 /* AppDelegate.m */ = {isa = PBXFileReference; lastKnownFileType = sourcecode.c.objc; path = AppDelegate.m; sourceTree = "<group>"; };
		CE6162A915E3F14900CE1102 /* ViewController.h */ = {isa = PBXFileReference; path = ViewController.h; sourceTree = "<group>"; };
		CE6162AA15E3F14900CE1102 /* ViewController.m */ = {isa = PBXFileReference; lastKnownFileType = sourcecode.c.objc; path = ViewController.m; sourceTree = "<group>"; };
		CE6162AD15E3F14900CE1102 /* en */ = {isa = PBXFileReference; lastKnownFileType = file.xib; name = en; path = en.lproj/ViewController.xib; sourceTree = "<group>"; };
		CE6162B415E3F14900CE1102 /* page1Tests.octest */ = {isa = PBXFileReference; explicitFileType = wrapper.cfbundle; includeInIndex = 0; path = page1Tests.octest; sourceTree = BUILT_PRODUCTS_DIR; };
		CE6162B515E3F14900CE1102 /* SenTestingKit.framework */ = {isa = PBXFileReference; lastKnownFileType = wrapper.framework; name = SenTestingKit.framework; path = Library/Frameworks/SenTestingKit.framework; sourceTree = DEVELOPER_DIR; };
		CE6162BD15E3F14900CE1102 /* page1Tests-Info.plist */ = {isa = PBXFileReference; path = "page1Tests-Info.plist"; sourceTree = "<group>"; };
		CE6162BF15E3F14900CE1102 /* en */ = {isa = PBXFileReference; lastKnownFileType = text.plist.strings; name = en; path = en.lproj/InfoPlist.strings; sourceTree = "<group>"; };
		CE6162C115E3F14900CE1102 /* page1Tests.h */ = {isa = PBXFileReference; path = page1Tests.h; sourceTree = "<group>"; };
		CE6162C215E3F14900CE1102 /* page1Tests.m */ = {isa = PBXFileReference; lastKnownFileType = sourcecode.c.objc; path = page1Tests.m; sourceTree = "<group>"; };
/* End PBXFileReference section */

/* Begin PBXFrameworksBuildPhase section */
		CE61629015E3F14900CE1102 /* Frameworks */ = {
			isa = PBXFrameworksBuildPhase;
			buildActionMask = 2147483647;
			files = (
				CE61629815E3F14900CE1102 /* UIKit.framework in Frameworks */,
				CE61629A15E3F14900CE1102 /* Foundation.framework in Frameworks */,
				CE61629C15E3F14900CE1102 /* CoreGraphics.framework in Frameworks */,
			);
			runOnlyForDeploymentPostprocessing = 0;
		};
		CE6162B015E3F14900CE1102 /* Frameworks */ = {
			isa = PBXFrameworksBuildPhase;
			buildActionMask = 2147483647;
			files = (
				CE6162B615E3F14900CE1102 /* SenTestingKit.framework in Frameworks */,
				CE6162B715E3F14900CE1102 /* UIKit.framework in Frameworks */,
				CE6162B815E3F14900CE1102 /* Foundation.framework in Frameworks */,
			);
			runOnlyForDeploymentPostprocessing = 0;
		};
/* End PBXFrameworksBuildPhase section */

/* Begin PBXGroup section */
		CE61628815E3F14900CE1102 = {
			isa = PBXGroup;
			children = (
				CE61629D15E3F14900CE1102 /* page1 */,
				CE6162BB15E3F14900CE1102 /* page1Tests */,
				CE61629615E3F14900CE1102 /* Frameworks */,
				CE61629415E3F14900CE1102 /* Products */,
			);
			sourceTree = "<group>";
		};
		CE61629415E3F14900CE1102 /* Products */ = {
			isa = PBXGroup;
			children = (
				CE61629315E3F14900CE1102 /* page1.app */,
				CE6162B415E3F14900CE1102 /* page1Tests.octest */,
			);
			name = Products;
			sourceTree = "<group>";
		};
		CE61629615E3F14900CE1102 /* Frameworks */ = {
			isa = PBXGroup;
			children = (
				CE61629715E3F14900CE1102 /* UIKit.framework */,
				CE61629915E3F14900CE1102 /* Foundation.framework */,
				CE61629B15E3F14900CE1102 /* CoreGraphics.framework */,
				CE6162B515E3F14900CE1102 /* SenTestingKit.framework */,
			);
			name = Frameworks;
			sourceTree = "<group>";
		};
		CE61629D15E3F14900CE1102 /* page1 */ = {
			isa = PBXGroup;
			children = (
				CE6162A615E3F14900CE1102 /* AppDelegate.h */,
				CE6162A715E3F14900CE1102 /* AppDelegate.m */,
				CE6162A915E3F14900CE1102 /* ViewController.h */,
				CE6162AA15E3F14900CE1102 /* ViewController.m */,
				CE6162AC15E3F14900CE1102 /* ViewController.xib */,
				CE61629E15E3F14900CE1102 /* Supporting Files */,
			);
			path = page1;
			sourceTree = "<group>";
		};
		CE61629E15E3F14900CE1102 /* Supporting Files */ = {
			isa = PBXGroup;
			children = (
				CE61629F15E3F14900CE1102 /* page1-Info.plist */,
				CE6162A015E3F14900CE1102 /* InfoPlist.strings */,
				CE6162A315E3F14900CE1102 /* main.m */,
				CE6162A515E3F14900CE1102 /* page1-Prefix.pch */,
			);
			name = "Supporting Files";
			sourceTree = "<group>";
		};
		CE6162BB15E3F14900CE1102 /* page1Tests */ = {
			isa = PBXGroup;
			children = (
				CE6162C115E3F14900CE1102 /* page1Tests.h */,
				CE6162C215E3F14900CE1102 /* page1Tests.m */,
				CE6162BC15E3F14900CE1102 /* Supporting Files */,
			);
			path = page1Tests;
			sourceTree = "<group>";
		};
		CE6162BC15E3F14900CE1102 /* Supporting Files */ = {
			isa = PBXGroup;
			children = (
				CE6162BD15E3F14900CE1102 /* page1Tests-Info.plist */,
				CE6162BE15E3F14900CE1102 /* InfoPlist.strings */,
			);
			name = "Supporting Files";
			sourceTree = "<group>";
		};
/* End PBXGroup section */

/* Begin PBXNativeTarget section */
		CE61629215E3F14900CE1102 /* page1 */ = {
			isa = PBXNativeTarget;
			buildConfigurationList = CE6162C615E3F14A00CE1102 /* Build configuration list for PBXNativeTarget "page1" */;
			buildPhases = (
				CE61628F15E3F14900CE1102 /* Sources */,
				CE61629015E3F14900CE1102 /* Frameworks */,
				CE61629115E3F14900CE1102 /* Resources */,
			);
			buildRules = (
			);
			dependencies = (
			);
			name = page1;
			productName = page1;
			productReference = CE61629315E3F14900CE1102 /* page1.app */;
			productType = "com.apple.product-type.application";
		};
		CE6162B315E3F14900CE1102 /* page1Tests */ = {
			isa = PBXNativeTarget;
			buildConfigurationList = CE6162C915E3F14A00CE1102 /* Build configuration list for PBXNativeTarget "page1Tests" */;
			buildPhases = (
				CE6162AF15E3F14900CE1102 /* Sources */,
				CE6162B015E3F14900CE1102 /* Frameworks */,
				CE6162B115E3F14900CE1102 /* Resources */,
				CE6162B215E3F14900CE1102 /* ShellScript */,
			);
			buildRules = (
			);
			dependencies = (
				CE6162BA15E3F14900CE1102 /* PBXTargetDependency */,
			);
			name = page1Tests;
			productName = page1Tests;
			productReference = CE6162B415E3F14900CE1102 /* page1Tests.octest */;
			productType = "com.apple.product-type.bundle";
		};
/* End PBXNativeTarget section */

/* Begin PBXProject section */
		CE61628A15E3F14900CE1102 /* Project object */ = {
			isa = PBXProject;
			attributes = {
				LastUpgradeCheck = 0430;
			};
			buildConfigurationList = CE61628D15E3F14900CE1102 /* Build configuration list for PBXProject "page1" */;
			compatibilityVersion = "Xcode 3.2";
			developmentRegion = English;
			hasScannedForEncodings = 0;
			knownRegions = (
				en,
			);
			mainGroup = CE61628815E3F14900CE1102;
			productRefGroup = CE61629415E3F14900CE1102 /* Products */;
			projectDirPath = "";
			projectRoot = "";
			targets = (
				CE61629215E3F14900CE1102 /* page1 */,
				CE6162B315E3F14900CE1102 /* page1Tests */,
			);
		};
/* End PBXProject section */

/* Begin PBXResourcesBuildPhase section */
		CE61629115E3F14900CE1102 /* Resources */ = {
			isa = PBXResourcesBuildPhase;
			buildActionMask = 2147483647;
			files = (
				CE6162A215E3F14900CE1102 /* InfoPlist.strings in Resources */,
				CE6162AE15E3F14900CE1102 /* ViewController.xib in Resources */,
			);
			runOnlyForDeploymentPostprocessing = 0;
		};
		CE6162B115E3F14900CE1102 /* Resources */ = {
			isa = PBXResourcesBuildPhase;
			buildActionMask = 2147483647;
			files = (
				CE6162C015E3F14900CE1102 /* InfoPlist.strings in Resources */,
			);
			runOnlyForDeploymentPostprocessing = 0;
		};
/* End PBXResourcesBuildPhase section */

/* Begin PBXShellScriptBuildPhase section */
		CE6162B215E3F14900CE1102 /* ShellScript */ = {
			isa = PBXShellScriptBuildPhase;
			buildActionMask = 2147483647;
			files = (
			);
			inputPaths = (
			);
			outputPaths = (
			);
			runOnlyForDeploymentPostprocessing = 0;
			shellPath = /bin/sh;
			shellScript = "# Run the unit tests in this test bundle.\n\"${SYSTEM_DEVELOPER_DIR}/Tools/RunUnitTests\"\n";
		};
/* End PBXShellScriptBuildPhase section */

/* Begin PBXSourcesBuildPhase section */
		CE61628F15E3F14900CE1102 /* Sources */ = {
			isa = PBXSourcesBuildPhase;
			buildActionMask = 2147483647;
			files = (
				CE6162A415E3F14900CE1102 /* main.m in Sources */,
				CE6162A815E3F14900CE1102 /* AppDelegate.m in Sources */,
				CE6162AB15E3F14900CE1102 /* ViewController.m in Sources */,
			);
			runOnlyForDeploymentPostprocessing = 0;
		};
		CE6162AF15E3F14900CE1102 /* Sources */ = {
			isa = PBXSourcesBuildPhase;
			buildActionMask = 2147483647;
			files = (
				CE6162C315E3F14900CE1102 /* page1Tests.m in Sources */,
			);
			runOnlyForDeploymentPostprocessing = 0;
		};
/* End PBXSourcesBuildPhase section */

/* Begin PBXTargetDependency section */
		CE6162BA15E3F14900CE1102 /* PBXTargetDependency */ = {
			isa = PBXTargetDependency;
			target = CE61629215E3F14900CE1102 /* page1 */;
			targetProxy = CE6162B915E3F14900CE1102 /* PBXContainerItemProxy */;
		};
/* End PBXTargetDependency section */

/* Begin PBXVariantGroup section */
		CE6162A015E3F14900CE1102 /* InfoPlist.strings */ = {
			isa = PBXVariantGroup;
			children = (
				CE6162A115E3F14900CE1102 /* en */,
			);
			name = InfoPlist.strings;
			sourceTree = "<group>";
		};
		CE6162AC15E3F14900CE1102 /* ViewController.xib */ = {
			isa = PBXVariantGroup;
			children = (
				CE6162AD15E3F14900CE1102 /* en */,
			);
			name = ViewController.xib;
			sourceTree = "<group>";
		};
		CE6162BE15E3F14900CE1102 /* InfoPlist.strings */ = {
			isa = PBXVariantGroup;
			children = (
				CE6162BF15E3F14900CE1102 /* en */,
			);
			name = InfoPlist.strings;
			sourceTree = "<group>";
		};
/* End PBXVariantGroup section */

/* Begin XCBuildConfiguration section */
		CE6162C415E3F14900CE1102 /* Debug */ = {
			isa = XCBuildConfiguration;
			buildSettings = {
				ALWAYS_SEARCH_USER_PATHS = NO;
				ARCHS = "$(ARCHS_STANDARD_32_BIT)";
				CLANG_ENABLE_OBJC_ARC = YES;
				"CODE_SIGN_IDENTITY[sdk=iphoneos*]" = "iPhone Developer";
				COPY_PHASE_STRIP = NO;
				GCC_C_LANGUAGE_STANDARD = gnu99;
				GCC_DYNAMIC_NO_PIC = NO;
				GCC_OPTIMIZATION_LEVEL = 0;
				GCC_PREPROCESSOR_DEFINITIONS = (
					"DEBUG=1",
					"$(inherited)",
				);
				GCC_SYMBOLS_PRIVATE_EXTERN = NO;
				GCC_VERSION = com.apple.compilers.llvm.clang.1_0;
				GCC_WARN_ABOUT_RETURN_TYPE = YES;
				GCC_WARN_UNINITIALIZED_AUTOS = YES;
				GCC_WARN_UNUSED_VARIABLE = YES;
				IPHONEOS_DEPLOYMENT_TARGET = 5.1;
				SDKROOT = iphoneos;
			};
			name = Debug;
		};
		CE6162C515E3F14900CE1102 /* Release */ = {
			isa = XCBuildConfiguration;
			buildSettings = {
				ALWAYS_SEARCH_USER_PATHS = NO;
				ARCHS = "$(ARCHS_STANDARD_32_BIT)";
				CLANG_ENABLE_OBJC_ARC = YES;
				"CODE_SIGN_IDENTITY[sdk=iphoneos*]" = "iPhone Developer";
				COPY_PHASE_STRIP = YES;
				GCC_C_LANGUAGE_STANDARD = gnu99;
				GCC_VERSION = com.apple.compilers.llvm.clang.1_0;
				GCC_WARN_ABOUT_RETURN_TYPE = YES;
				GCC_WARN_UNINITIALIZED_AUTOS = YES;
				GCC_WARN_UNUSED_VARIABLE = YES;
				IPHONEOS_DEPLOYMENT_TARGET = 5.1;
				OTHER_CFLAGS = "-DNS_BLOCK_ASSERTIONS=1";
				SDKROOT = iphoneos;
				VALIDATE_PRODUCT = YES;
			};
			name = Release;
		};
		CE6162C715E3F14A00CE1102 /* Debug */ = {
			isa = XCBuildConfiguration;
			buildSettings = {
				GCC_PRECOMPILE_PREFIX_HEADER = YES;
				GCC_PREFIX_HEADER = "page1/page1-Prefix.pch";
				INFOPLIST_FILE = "page1/page1-Info.plist";
				PRODUCT_NAME = "$(TARGET_NAME)";
				WRAPPER_EXTENSION = app;
			};
			name = Debug;
		};
		CE6162C815E3F14A00CE1102 /* Release */ = {
			isa = XCBuildConfiguration;
			buildSettings = {
				GCC_PRECOMPILE_PREFIX_HEADER = YES;
				GCC_PREFIX_HEADER = "page1/page1-Prefix.pch";
				INFOPLIST_FILE = "page1/page1-Info.plist";
				PRODUCT_NAME = "$(TARGET_NAME)";
				WRAPPER_EXTENSION = app;
			};
			name = Release;
		};
		CE6162CA15E3F14A00CE1102 /* Debug */ = {
			isa = XCBuildConfiguration;
			buildSettings = {
				BUNDLE_LOADER = "$(BUILT_PRODUCTS_DIR)/page1.app/page1";
				FRAMEWORK_SEARCH_PATHS = (
					"$(SDKROOT)/Developer/Library/Frameworks",
					"$(DEVELOPER_LIBRARY_DIR)/Frameworks",
				);
				GCC_PRECOMPILE_PREFIX_HEADER = YES;
				GCC_PREFIX_HEADER = "page1/page1-Prefix.pch";
				INFOPLIST_FILE = "page1Tests/page1Tests-Info.plist";
				PRODUCT_NAME = "$(TARGET_NAME)";
				TEST_HOST = "$(BUNDLE_LOADER)";
				WRAPPER_EXTENSION = octest;
			};
			name = Debug;
		};
		CE6162CB15E3F14A00CE1102 /* Release */ = {
			isa = XCBuildConfiguration;
			buildSettings = {
				BUNDLE_LOADER = "$(BUILT_PRODUCTS_DIR)/page1.app/page1";
				FRAMEWORK_SEARCH_PATHS = (
					"$(SDKROOT)/Developer/Library/Frameworks",
					"$(DEVELOPER_LIBRARY_DIR)/Frameworks",
				);
				GCC_PRECOMPILE_PREFIX_HEADER = YES;
				GCC_PREFIX_HEADER = "page1/page1-Prefix.pch";
				INFOPLIST_FILE = "page1Tests/page1Tests-Info.plist";
				PRODUCT_NAME = "$(TARGET_NAME)";
				TEST_HOST = "$(BUNDLE_LOADER)";
				WRAPPER_EXTENSION = octest;
			};
			name = Release;
		};
/* End XCBuildConfiguration section */

/* Begin XCConfigurationList section */
		CE61628D15E3F14900CE1102 /* Build configuration list for PBXProject "page1" */ = {
			isa = XCConfigurationList;
			buildConfigurations = (
				CE6162C415E3F14900CE1102 /* Debug */,
				CE6162C515E3F14900CE1102 /* Release */,
			);
			defaultConfigurationIsVisible = 0;
			defaultConfigurationName = Release;
		};
		CE6162C615E3F14A00CE1102 /* Build configuration list for PBXNativeTarget "page1" */ = {
			isa = XCConfigurationList;
			buildConfigurations = (
				CE6162C715E3F14A00CE1102 /* Debug */,
				CE6162C815E3F14A00CE1102 /* Release */,
			);
			defaultConfigurationIsVisible = 0;
		};
		CE6162C915E3F14A00CE1102 /* Build configuration list for PBXNativeTarget "page1Tests" */ = {
			isa = XCConfigurationList;
			buildConfigurations = (
				CE6162CA15E3F14A00CE1102 /* Debug */,
				CE6162CB15E3F14A00CE1102 /* Release */,
			);
			defaultConfigurationIsVisible = 0;
		};
/* End XCConfigurationList section */
	};
	rootObject = CE61628A15E3F14900CE1102 /* Project object */;
}
